
Microsoft Visual Studio Solution File, Format Version 12.00
# Visual Studio Version 17
VisualStudioVersion = 17.9.34728.123
MinimumVisualStudioVersion = 10.0.40219.1
Project("{FAE04EC0-301F-11D3-BF4B-00C04F79EFBC}") = "TwoFactorAuthApp", "TwoFactorAuthApp\TwoFactorAuthApp.csproj", "{76F97393-A5E2-44BB-A390-9C331BF4BB4A}"
EndProject
Global
	GlobalSection(SolutionConfigurationPlatforms) = preSolution
		Debug|Any CPU = Debug|Any CPU
		Release|Any CPU = Release|Any CPU
	EndGlobalSection
	GlobalSection(ProjectConfigurationPlatforms) = postSolution
		{76F97393-A5E2-44BB-A390-9C331BF4BB4A}.Debug|Any CPU.ActiveCfg = Debug|Any CPU
		{76F97393-A5E2-44BB-A390-9C331BF4BB4A}.Debug|Any CPU.Build.0 = Debug|Any CPU
		{76F97393-A5E2-44BB-A390-9C331BF4BB4A}.Release|Any CPU.ActiveCfg = Release|Any CPU
		{76F97393-A5E2-44BB-A390-9C331BF4BB4A}.Release|Any CPU.Build.0 = Release|Any CPU
	EndGlobalSection
	GlobalSection(SolutionProperties) = preSolution
		HideSolutionNode = FALSE
	EndGlobalSection
	GlobalSection(ExtensibilityGlobals) = postSolution
		SolutionGuid = {B5FD4893-CBBA-40AE-81B3-1043C8D0582F}
	EndGlobalSection
EndGlobal
